// !$*UTF8*$!
{
	archiveVersion = 1;
	classes = {
	};
	objectVersion = 56;
	objects = {

/* Begin PBXBuildFile section */
		8B8B56DF2A7D43D70051483A /* Swifty_CompanionApp.swift in Sources */ = {isa = PBXBuildFile; fileRef = 8B8B56DE2A7D43D70051483A /* Swifty_CompanionApp.swift */; };
		8B8B56E32A7D43DC0051483A /* Assets.xcassets in Resources */ = {isa = PBXBuildFile; fileRef = 8B8B56E22A7D43DC0051483A /* Assets.xcassets */; };
		8B8B56E62A7D43DC0051483A /* Preview Assets.xcassets in Resources */ = {isa = PBXBuildFile; fileRef = 8B8B56E52A7D43DC0051483A /* Preview Assets.xcassets */; };
		8B98AAF22A89470F00DB0288 /* FavoriteView.swift in Sources */ = {isa = PBXBuildFile; fileRef = 8B98AAF12A89470F00DB0288 /* FavoriteView.swift */; };
		8B98AAF52A894C2B00DB0288 /* FavoriteData.xcdatamodeld in Sources */ = {isa = PBXBuildFile; fileRef = 8B98AAF32A894C2B00DB0288 /* FavoriteData.xcdatamodeld */; };
		8B98AAF72A894C9000DB0288 /* PersistenceController.swift in Sources */ = {isa = PBXBuildFile; fileRef = 8B98AAF62A894C9000DB0288 /* PersistenceController.swift */; };
		8B98AAF92A896B9500DB0288 /* RadarView.swift in Sources */ = {isa = PBXBuildFile; fileRef = 8B98AAF82A896B9500DB0288 /* RadarView.swift */; };
		8BA2A4A52A7FBBEC009594AF /* DetailedView.swift in Sources */ = {isa = PBXBuildFile; fileRef = 8BA2A4A42A7FBBEC009594AF /* DetailedView.swift */; };
		8BA2A4AA2A7FE0AA009594AF /* APIConstants.swift in Sources */ = {isa = PBXBuildFile; fileRef = 8BA2A4A92A7FE0AA009594AF /* APIConstants.swift */; };
		8BA2A4AC2A7FE0F8009594AF /* APIManager.swift in Sources */ = {isa = PBXBuildFile; fileRef = 8BA2A4AB2A7FE0F8009594AF /* APIManager.swift */; };
		8BA2A4B22A7FF637009594AF /* APIToken.swift in Sources */ = {isa = PBXBuildFile; fileRef = 8BA2A4B12A7FF637009594AF /* APIToken.swift */; };
		8BA2A4B42A80116A009594AF /* UserModel.swift in Sources */ = {isa = PBXBuildFile; fileRef = 8BA2A4B32A80116A009594AF /* UserModel.swift */; };
/* End PBXBuildFile section */

/* Begin PBXContainerItemProxy section */
		8B8B56F22A7D43DC0051483A /* PBXContainerItemProxy */ = {
			isa = PBXContainerItemProxy;
			containerPortal = 8B8B56D32A7D43D70051483A /* Project object */;
			proxyType = 1;
			remoteGlobalIDString = 8B8B56DA2A7D43D70051483A;
			remoteInfo = Swifty_Companion;
		};
		8B8B56FC2A7D43DC0051483A /* PBXContainerItemProxy */ = {
			isa = PBXContainerItemProxy;
			containerPortal = 8B8B56D32A7D43D70051483A /* Project object */;
			proxyType = 1;
			remoteGlobalIDString = 8B8B56DA2A7D43D70051483A;
			remoteInfo = Swifty_Companion;
		};
/* End PBXContainerItemProxy section */

/* Begin PBXFileReference section */
		8B8B56DB2A7D43D70051483A /* Swifty_Companion.app */ = {isa = PBXFileReference; explicitFileType = wrapper.application; includeInIndex = 0; path = Swifty_Companion.app; sourceTree = BUILT_PRODUCTS_DIR; };
		8B8B56DE2A7D43D70051483A /* Swifty_CompanionApp.swift */ = {isa = PBXFileReference; lastKnownFileType = sourcecode.swift; path = Swifty_CompanionApp.swift; sourceTree = "<group>"; };
		8B8B56E22A7D43DC0051483A /* Assets.xcassets */ = {isa = PBXFileReference; lastKnownFileType = folder.assetcatalog; path = Assets.xcassets; sourceTree = "<group>"; };
		8B8B56E52A7D43DC0051483A /* Preview Assets.xcassets */ = {isa = PBXFileReference; lastKnownFileType = folder.assetcatalog; path = "Preview Assets.xcassets"; sourceTree = "<group>"; };
		8B8B56F12A7D43DC0051483A /* Swifty_CompanionTests.xctest */ = {isa = PBXFileReference; explicitFileType = wrapper.cfbundle; includeInIndex = 0; path = Swifty_CompanionTests.xctest; sourceTree = BUILT_PRODUCTS_DIR; };
		8B8B56FB2A7D43DC0051483A /* Swifty_CompanionUITests.xctest */ = {isa = PBXFileReference; explicitFileType = wrapper.cfbundle; includeInIndex = 0; path = Swifty_CompanionUITests.xctest; sourceTree = BUILT_PRODUCTS_DIR; };
		8B98AAF12A89470F00DB0288 /* FavoriteView.swift */ = {isa = PBXFileReference; lastKnownFileType = sourcecode.swift; path = FavoriteView.swift; sourceTree = "<group>"; };
		8B98AAF42A894C2B00DB0288 /* FavoriteData.xcdatamodel */ = {isa = PBXFileReference; lastKnownFileType = wrapper.xcdatamodel; path = FavoriteData.xcdatamodel; sourceTree = "<group>"; };
		8B98AAF62A894C9000DB0288 /* PersistenceController.swift */ = {isa = PBXFileReference; lastKnownFileType = sourcecode.swift; path = PersistenceController.swift; sourceTree = "<group>"; };
		8B98AAF82A896B9500DB0288 /* RadarView.swift */ = {isa = PBXFileReference; lastKnownFileType = sourcecode.swift; path = RadarView.swift; sourceTree = "<group>"; };
		8BA2A4A42A7FBBEC009594AF /* DetailedView.swift */ = {isa = PBXFileReference; lastKnownFileType = sourcecode.swift; path = DetailedView.swift; sourceTree = "<group>"; };
		8BA2A4A92A7FE0AA009594AF /* APIConstants.swift */ = {isa = PBXFileReference; lastKnownFileType = sourcecode.swift; path = APIConstants.swift; sourceTree = "<group>"; };
		8BA2A4AB2A7FE0F8009594AF /* APIManager.swift */ = {isa = PBXFileReference; lastKnownFileType = sourcecode.swift; path = APIManager.swift; sourceTree = "<group>"; };
		8BA2A4B12A7FF637009594AF /* APIToken.swift */ = {isa = PBXFileReference; lastKnownFileType = sourcecode.swift; path = APIToken.swift; sourceTree = "<group>"; };
		8BA2A4B32A80116A009594AF /* UserModel.swift */ = {isa = PBXFileReference; lastKnownFileType = sourcecode.swift; path = UserModel.swift; sourceTree = "<group>"; };
/* End PBXFileReference section */

/* Begin PBXFrameworksBuildPhase section */
		8B8B56D82A7D43D70051483A /* Frameworks */ = {
			isa = PBXFrameworksBuildPhase;
			buildActionMask = 2147483647;
			files = (
			);
			runOnlyForDeploymentPostprocessing = 0;
		};
		8B8B56EE2A7D43DC0051483A /* Frameworks */ = {
			isa = PBXFrameworksBuildPhase;
			buildActionMask = 2147483647;
			files = (
			);
			runOnlyForDeploymentPostprocessing = 0;
		};
		8B8B56F82A7D43DC0051483A /* Frameworks */ = {
			isa = PBXFrameworksBuildPhase;
			buildActionMask = 2147483647;
			files = (
			);
			runOnlyForDeploymentPostprocessing = 0;
		};
/* End PBXFrameworksBuildPhase section */

/* Begin PBXGroup section */
		8B8B56D22A7D43D70051483A = {
			isa = PBXGroup;
			children = (
				8B8B56DD2A7D43D70051483A /* Swifty_Companion */,
				8B8B56DC2A7D43D70051483A /* Products */,
			);
			sourceTree = "<group>";
		};
		8B8B56DC2A7D43D70051483A /* Products */ = {
			isa = PBXGroup;
			children = (
				8B8B56DB2A7D43D70051483A /* Swifty_Companion.app */,
				8B8B56F12A7D43DC0051483A /* Swifty_CompanionTests.xctest */,
				8B8B56FB2A7D43DC0051483A /* Swifty_CompanionUITests.xctest */,
			);
			name = Products;
			sourceTree = "<group>";
		};
		8B8B56DD2A7D43D70051483A /* Swifty_Companion */ = {
			isa = PBXGroup;
			children = (
				8BA2A4A82A7FE093009594AF /* API */,
				8B8B56DE2A7D43D70051483A /* Swifty_CompanionApp.swift */,
				8BA2A4A42A7FBBEC009594AF /* DetailedView.swift */,
				8B98AAF82A896B9500DB0288 /* RadarView.swift */,
				8B98AAF32A894C2B00DB0288 /* FavoriteData.xcdatamodeld */,
				8B98AAF62A894C9000DB0288 /* PersistenceController.swift */,
				8B98AAF12A89470F00DB0288 /* FavoriteView.swift */,
				8B8B56E22A7D43DC0051483A /* Assets.xcassets */,
				8B8B56E42A7D43DC0051483A /* Preview Content */,
			);
			path = Swifty_Companion;
			sourceTree = "<group>";
		};
		8B8B56E42A7D43DC0051483A /* Preview Content */ = {
			isa = PBXGroup;
			children = (
				8B8B56E52A7D43DC0051483A /* Preview Assets.xcassets */,
			);
			path = "Preview Content";
			sourceTree = "<group>";
		};
		8BA2A4A82A7FE093009594AF /* API */ = {
			isa = PBXGroup;
			children = (
				8BA2A4A92A7FE0AA009594AF /* APIConstants.swift */,
				8BA2A4B32A80116A009594AF /* UserModel.swift */,
				8BA2A4B12A7FF637009594AF /* APIToken.swift */,
				8BA2A4AB2A7FE0F8009594AF /* APIManager.swift */,
			);
			path = API;
			sourceTree = "<group>";
		};
/* End PBXGroup section */

/* Begin PBXNativeTarget section */
		8B8B56DA2A7D43D70051483A /* Swifty_Companion */ = {
			isa = PBXNativeTarget;
			buildConfigurationList = 8B8B57052A7D43DC0051483A /* Build configuration list for PBXNativeTarget "Swifty_Companion" */;
			buildPhases = (
				8B8B56D72A7D43D70051483A /* Sources */,
				8B8B56D82A7D43D70051483A /* Frameworks */,
				8B8B56D92A7D43D70051483A /* Resources */,
			);
			buildRules = (
			);
			dependencies = (
			);
			name = Swifty_Companion;
			productName = Swifty_Companion;
			productReference = 8B8B56DB2A7D43D70051483A /* Swifty_Companion.app */;
			productType = "com.apple.product-type.application";
		};
		8B8B56F02A7D43DC0051483A /* Swifty_CompanionTests */ = {
			isa = PBXNativeTarget;
			buildConfigurationList = 8B8B57082A7D43DC0051483A /* Build configuration list for PBXNativeTarget "Swifty_CompanionTests" */;
			buildPhases = (
				8B8B56ED2A7D43DC0051483A /* Sources */,
				8B8B56EE2A7D43DC0051483A /* Frameworks */,
				8B8B56EF2A7D43DC0051483A /* Resources */,
			);
			buildRules = (
			);
			dependencies = (
				8B8B56F32A7D43DC0051483A /* PBXTargetDependency */,
			);
			name = Swifty_CompanionTests;
			productName = Swifty_CompanionTests;
			productReference = 8B8B56F12A7D43DC0051483A /* Swifty_CompanionTests.xctest */;
			productType = "com.apple.product-type.bundle.unit-test";
		};
		8B8B56FA2A7D43DC0051483A /* Swifty_CompanionUITests */ = {
			isa = PBXNativeTarget;
			buildConfigurationList = 8B8B570B2A7D43DC0051483A /* Build configuration list for PBXNativeTarget "Swifty_CompanionUITests" */;
			buildPhases = (
				8B8B56F72A7D43DC0051483A /* Sources */,
				8B8B56F82A7D43DC0051483A /* Frameworks */,
				8B8B56F92A7D43DC0051483A /* Resources */,
			);
			buildRules = (
			);
			dependencies = (
				8B8B56FD2A7D43DC0051483A /* PBXTargetDependency */,
			);
			name = Swifty_CompanionUITests;
			productName = Swifty_CompanionUITests;
			productReference = 8B8B56FB2A7D43DC0051483A /* Swifty_CompanionUITests.xctest */;
			productType = "com.apple.product-type.bundle.ui-testing";
		};
/* End PBXNativeTarget section */

/* Begin PBXProject section */
		8B8B56D32A7D43D70051483A /* Project object */ = {
			isa = PBXProject;
			attributes = {
				BuildIndependentTargetsInParallel = 1;
				LastSwiftUpdateCheck = 1430;
				LastUpgradeCheck = 1430;
				TargetAttributes = {
					8B8B56DA2A7D43D70051483A = {
						CreatedOnToolsVersion = 14.3.1;
					};
					8B8B56F02A7D43DC0051483A = {
						CreatedOnToolsVersion = 14.3.1;
						TestTargetID = 8B8B56DA2A7D43D70051483A;
					};
					8B8B56FA2A7D43DC0051483A = {
						CreatedOnToolsVersion = 14.3.1;
						TestTargetID = 8B8B56DA2A7D43D70051483A;
					};
				};
			};
			buildConfigurationList = 8B8B56D62A7D43D70051483A /* Build configuration list for PBXProject "Swifty_Companion" */;
			compatibilityVersion = "Xcode 14.0";
			developmentRegion = en;
			hasScannedForEncodings = 0;
			knownRegions = (
				en,
				Base,
			);
			mainGroup = 8B8B56D22A7D43D70051483A;
			productRefGroup = 8B8B56DC2A7D43D70051483A /* Products */;
			projectDirPath = "";
			projectRoot = "";
			targets = (
				8B8B56DA2A7D43D70051483A /* Swifty_Companion */,
				8B8B56F02A7D43DC0051483A /* Swifty_CompanionTests */,
				8B8B56FA2A7D43DC0051483A /* Swifty_CompanionUITests */,
			);
		};
/* End PBXProject section */

/* Begin PBXResourcesBuildPhase section */
		8B8B56D92A7D43D70051483A /* Resources */ = {
			isa = PBXResourcesBuildPhase;
			buildActionMask = 2147483647;
			files = (
				8B8B56E62A7D43DC0051483A /* Preview Assets.xcassets in Resources */,
				8B8B56E32A7D43DC0051483A /* Assets.xcassets in Resources */,
			);
			runOnlyForDeploymentPostprocessing = 0;
		};
		8B8B56EF2A7D43DC0051483A /* Resources */ = {
			isa = PBXResourcesBuildPhase;
			buildActionMask = 2147483647;
			files = (
			);
			runOnlyForDeploymentPostprocessing = 0;
		};
		8B8B56F92A7D43DC0051483A /* Resources */ = {
			isa = PBXResourcesBuildPhase;
			buildActionMask = 2147483647;
			files = (
			);
			runOnlyForDeploymentPostprocessing = 0;
		};
/* End PBXResourcesBuildPhase section */

/* Begin PBXSourcesBuildPhase section */
		8B8B56D72A7D43D70051483A /* Sources */ = {
			isa = PBXSourcesBuildPhase;
			buildActionMask = 2147483647;
			files = (
				8B98AAF92A896B9500DB0288 /* RadarView.swift in Sources */,
				8B98AAF22A89470F00DB0288 /* FavoriteView.swift in Sources */,
				8B98AAF52A894C2B00DB0288 /* FavoriteData.xcdatamodeld in Sources */,
				8BA2A4AC2A7FE0F8009594AF /* APIManager.swift in Sources */,
				8BA2A4B42A80116A009594AF /* UserModel.swift in Sources */,
				8BA2A4AA2A7FE0AA009594AF /* APIConstants.swift in Sources */,
				8BA2A4A52A7FBBEC009594AF /* DetailedView.swift in Sources */,
				8BA2A4B22A7FF637009594AF /* APIToken.swift in Sources */,
				8B8B56DF2A7D43D70051483A /* Swifty_CompanionApp.swift in Sources */,
				8B98AAF72A894C9000DB0288 /* PersistenceController.swift in Sources */,
			);
			runOnlyForDeploymentPostprocessing = 0;
		};
		8B8B56ED2A7D43DC0051483A /* Sources */ = {
			isa = PBXSourcesBuildPhase;
			buildActionMask = 2147483647;
			files = (
			);
			runOnlyForDeploymentPostprocessing = 0;
		};
		8B8B56F72A7D43DC0051483A /* Sources */ = {
			isa = PBXSourcesBuildPhase;
			buildActionMask = 2147483647;
			files = (
			);
			runOnlyForDeploymentPostprocessing = 0;
		};
/* End PBXSourcesBuildPhase section */

/* Begin PBXTargetDependency section */
		8B8B56F32A7D43DC0051483A /* PBXTargetDependency */ = {
			isa = PBXTargetDependency;
			target = 8B8B56DA2A7D43D70051483A /* Swifty_Companion */;
			targetProxy = 8B8B56F22A7D43DC0051483A /* PBXContainerItemProxy */;
		};
		8B8B56FD2A7D43DC0051483A /* PBXTargetDependency */ = {
			isa = PBXTargetDependency;
			target = 8B8B56DA2A7D43D70051483A /* Swifty_Companion */;
			targetProxy = 8B8B56FC2A7D43DC0051483A /* PBXContainerItemProxy */;
		};
/* End PBXTargetDependency section */

/* Begin XCBuildConfiguration section */
		8B8B57032A7D43DC0051483A /* Debug */ = {
			isa = XCBuildConfiguration;
			buildSettings = {
				ALWAYS_SEARCH_USER_PATHS = NO;
				CLANG_ANALYZER_NONNULL = YES;
				CLANG_ANALYZER_NUMBER_OBJECT_CONVERSION = YES_AGGRESSIVE;
				CLANG_CXX_LANGUAGE_STANDARD = "gnu++20";
				CLANG_ENABLE_MODULES = YES;
				CLANG_ENABLE_OBJC_ARC = YES;
				CLANG_ENABLE_OBJC_WEAK = YES;
				CLANG_WARN_BLOCK_CAPTURE_AUTORELEASING = YES;
				CLANG_WARN_BOOL_CONVERSION = YES;
				CLANG_WARN_COMMA = YES;
				CLANG_WARN_CONSTANT_CONVERSION = YES;
				CLANG_WARN_DEPRECATED_OBJC_IMPLEMENTATIONS = YES;
				CLANG_WARN_DIRECT_OBJC_ISA_USAGE = YES_ERROR;
				CLANG_WARN_DOCUMENTATION_COMMENTS = YES;
				CLANG_WARN_EMPTY_BODY = YES;
				CLANG_WARN_ENUM_CONVERSION = YES;
				CLANG_WARN_INFINITE_RECURSION = YES;
				CLANG_WARN_INT_CONVERSION = YES;
				CLANG_WARN_NON_LITERAL_NULL_CONVERSION = YES;
				CLANG_WARN_OBJC_IMPLICIT_RETAIN_SELF = YES;
				CLANG_WARN_OBJC_LITERAL_CONVERSION = YES;
				CLANG_WARN_OBJC_ROOT_CLASS = YES_ERROR;
				CLANG_WARN_QUOTED_INCLUDE_IN_FRAMEWORK_HEADER = YES;
				CLANG_WARN_RANGE_LOOP_ANALYSIS = YES;
				CLANG_WARN_STRICT_PROTOTYPES = YES;
				CLANG_WARN_SUSPICIOUS_MOVE = YES;
				CLANG_WARN_UNGUARDED_AVAILABILITY = YES_AGGRESSIVE;
				CLANG_WARN_UNREACHABLE_CODE = YES;
				CLANG_WARN__DUPLICATE_METHOD_MATCH = YES;
				COPY_PHASE_STRIP = NO;
				DEBUG_INFORMATION_FORMAT = dwarf;
				ENABLE_STRICT_OBJC_MSGSEND = YES;
				ENABLE_TESTABILITY = YES;
				GCC_C_LANGUAGE_STANDARD = gnu11;
				GCC_DYNAMIC_NO_PIC = NO;
				GCC_NO_COMMON_BLOCKS = YES;
				GCC_OPTIMIZATION_LEVEL = 0;
				GCC_PREPROCESSOR_DEFINITIONS = (
					"DEBUG=1",
					"$(inherited)",
				);
				GCC_WARN_64_TO_32_BIT_CONVERSION = YES;
				GCC_WARN_ABOUT_RETURN_TYPE = YES_ERROR;
				GCC_WARN_UNDECLARED_SELECTOR = YES;
				GCC_WARN_UNINITIALIZED_AUTOS = YES_AGGRESSIVE;
				GCC_WARN_UNUSED_FUNCTION = YES;
				GCC_WARN_UNUSED_VARIABLE = YES;
				IPHONEOS_DEPLOYMENT_TARGET = 16.4;
				MTL_ENABLE_DEBUG_INFO = INCLUDE_SOURCE;
				MTL_FAST_MATH = YES;
				ONLY_ACTIVE_ARCH = YES;
				SDKROOT = iphoneos;
				SWIFT_ACTIVE_COMPILATION_CONDITIONS = DEBUG;
				SWIFT_OPTIMIZATION_LEVEL = "-Onone";
			};
			name = Debug;
		};
		8B8B57042A7D43DC0051483A /* Release */ = {
			isa = XCBuildConfiguration;
			buildSettings = {
				ALWAYS_SEARCH_USER_PATHS = NO;
				CLANG_ANALYZER_NONNULL = YES;
				CLANG_ANALYZER_NUMBER_OBJECT_CONVERSION = YES_AGGRESSIVE;
				CLANG_CXX_LANGUAGE_STANDARD = "gnu++20";
				CLANG_ENABLE_MODULES = YES;
				CLANG_ENABLE_OBJC_ARC = YES;
				CLANG_ENABLE_OBJC_WEAK = YES;
				CLANG_WARN_BLOCK_CAPTURE_AUTORELEASING = YES;
				CLANG_WARN_BOOL_CONVERSION = YES;
				CLANG_WARN_COMMA = YES;
				CLANG_WARN_CONSTANT_CONVERSION = YES;
				CLANG_WARN_DEPRECATED_OBJC_IMPLEMENTATIONS = YES;
				CLANG_WARN_DIRECT_OBJC_ISA_USAGE = YES_ERROR;
				CLANG_WARN_DOCUMENTATION_COMMENTS = YES;
				CLANG_WARN_EMPTY_BODY = YES;
				CLANG_WARN_ENUM_CONVERSION = YES;
				CLANG_WARN_INFINITE_RECURSION = YES;
				CLANG_WARN_INT_CONVERSION = YES;
				CLANG_WARN_NON_LITERAL_NULL_CONVERSION = YES;
				CLANG_WARN_OBJC_IMPLICIT_RETAIN_SELF = YES;
				CLANG_WARN_OBJC_LITERAL_CONVERSION = YES;
				CLANG_WARN_OBJC_ROOT_CLASS = YES_ERROR;
				CLANG_WARN_QUOTED_INCLUDE_IN_FRAMEWORK_HEADER = YES;
				CLANG_WARN_RANGE_LOOP_ANALYSIS = YES;
				CLANG_WARN_STRICT_PROTOTYPES = YES;
				CLANG_WARN_SUSPICIOUS_MOVE = YES;
				CLANG_WARN_UNGUARDED_AVAILABILITY = YES_AGGRESSIVE;
				CLANG_WARN_UNREACHABLE_CODE = YES;
				CLANG_WARN__DUPLICATE_METHOD_MATCH = YES;
				COPY_PHASE_STRIP = NO;
				DEBUG_INFORMATION_FORMAT = "dwarf-with-dsym";
				ENABLE_NS_ASSERTIONS = NO;
				ENABLE_STRICT_OBJC_MSGSEND = YES;
				GCC_C_LANGUAGE_STANDARD = gnu11;
				GCC_NO_COMMON_BLOCKS = YES;
				GCC_WARN_64_TO_32_BIT_CONVERSION = YES;
				GCC_WARN_ABOUT_RETURN_TYPE = YES_ERROR;
				GCC_WARN_UNDECLARED_SELECTOR = YES;
				GCC_WARN_UNINITIALIZED_AUTOS = YES_AGGRESSIVE;
				GCC_WARN_UNUSED_FUNCTION = YES;
				GCC_WARN_UNUSED_VARIABLE = YES;
				IPHONEOS_DEPLOYMENT_TARGET = 16.4;
				MTL_ENABLE_DEBUG_INFO = NO;
				MTL_FAST_MATH = YES;
				SDKROOT = iphoneos;
				SWIFT_COMPILATION_MODE = wholemodule;
				SWIFT_OPTIMIZATION_LEVEL = "-O";
				VALIDATE_PRODUCT = YES;
			};
			name = Release;
		};
		8B8B57062A7D43DC0051483A /* Debug */ = {
			isa = XCBuildConfiguration;
			buildSettings = {
				ASSETCATALOG_COMPILER_APPICON_NAME = AppIcon;
				ASSETCATALOG_COMPILER_GLOBAL_ACCENT_COLOR_NAME = AccentColor;
				CODE_SIGN_STYLE = Automatic;
				CURRENT_PROJECT_VERSION = 1;
				DEVELOPMENT_ASSET_PATHS = "\"Swifty_Companion/Preview Content\"";
				DEVELOPMENT_TEAM = 86VT643277;
				ENABLE_PREVIEWS = YES;
				GENERATE_INFOPLIST_FILE = YES;
				INFOPLIST_KEY_UIApplicationSceneManifest_Generation = YES;
				INFOPLIST_KEY_UIApplicationSupportsIndirectInputEvents = YES;
				INFOPLIST_KEY_UILaunchScreen_Generation = YES;
				INFOPLIST_KEY_UISupportedInterfaceOrientations_iPad = "UIInterfaceOrientationPortrait UIInterfaceOrientationPortraitUpsideDown UIInterfaceOrientationLandscapeLeft UIInterfaceOrientationLandscapeRight";
				INFOPLIST_KEY_UISupportedInterfaceOrientations_iPhone = "UIInterfaceOrientationPortrait UIInterfaceOrientationLandscapeLeft UIInterfaceOrientationLandscapeRight";
				LD_RUNPATH_SEARCH_PATHS = (
					"$(inherited)",
					"@executable_path/Frameworks",
				);
				MARKETING_VERSION = 1.0;
				PRODUCT_BUNDLE_IDENTIFIER = "-2.Swifty-Companion";
				PRODUCT_NAME = "$(TARGET_NAME)";
				SWIFT_EMIT_LOC_STRINGS = YES;
				SWIFT_VERSION = 5.0;
				TARGETED_DEVICE_FAMILY = "1,2";
			};
			name = Debug;
		};
		8B8B57072A7D43DC0051483A /* Release */ = {
			isa = XCBuildConfiguration;
			buildSettings = {
				ASSETCATALOG_COMPILER_APPICON_NAME = AppIcon;
				ASSETCATALOG_COMPILER_GLOBAL_ACCENT_COLOR_NAME = AccentColor;
				CODE_SIGN_STYLE = Automatic;
				CURRENT_PROJECT_VERSION = 1;
				DEVELOPMENT_ASSET_PATHS = "\"Swifty_Companion/Preview Content\"";
				DEVELOPMENT_TEAM = 86VT643277;
				ENABLE_PREVIEWS = YES;
				GENERATE_INFOPLIST_FILE = YES;
				INFOPLIST_KEY_UIApplicationSceneManifest_Generation = YES;
				INFOPLIST_KEY_UIApplicationSupportsIndirectInputEvents = YES;
				INFOPLIST_KEY_UILaunchScreen_Generation = YES;
				INFOPLIST_KEY_UISupportedInterfaceOrientations_iPad = "UIInterfaceOrientationPortrait UIInterfaceOrientationPortraitUpsideDown UIInterfaceOrientationLandscapeLeft UIInterfaceOrientationLandscapeRight";
				INFOPLIST_KEY_UISupportedInterfaceOrientations_iPhone = "UIInterfaceOrientationPortrait UIInterfaceOrientationLandscapeLeft UIInterfaceOrientationLandscapeRight";
				LD_RUNPATH_SEARCH_PATHS = (
					"$(inherited)",
					"@executable_path/Frameworks",
				);
				MARKETING_VERSION = 1.0;
				PRODUCT_BUNDLE_IDENTIFIER = "-2.Swifty-Companion";
				PRODUCT_NAME = "$(TARGET_NAME)";
				SWIFT_EMIT_LOC_STRINGS = YES;
				SWIFT_VERSION = 5.0;
				TARGETED_DEVICE_FAMILY = "1,2";
			};
			name = Release;
		};
		8B8B57092A7D43DC0051483A /* Debug */ = {
			isa = XCBuildConfiguration;
			buildSettings = {
				ALWAYS_EMBED_SWIFT_STANDARD_LIBRARIES = YES;
				BUNDLE_LOADER = "$(TEST_HOST)";
				CODE_SIGN_STYLE = Automatic;
				CURRENT_PROJECT_VERSION = 1;
				DEVELOPMENT_TEAM = 86VT643277;
				GENERATE_INFOPLIST_FILE = YES;
				IPHONEOS_DEPLOYMENT_TARGET = 16.4;
				MARKETING_VERSION = 1.0;
				PRODUCT_BUNDLE_IDENTIFIER = "-2.Swifty-CompanionTests";
				PRODUCT_NAME = "$(TARGET_NAME)";
				SWIFT_EMIT_LOC_STRINGS = NO;
				SWIFT_VERSION = 5.0;
				TARGETED_DEVICE_FAMILY = "1,2";
				TEST_HOST = "$(BUILT_PRODUCTS_DIR)/Swifty_Companion.app/$(BUNDLE_EXECUTABLE_FOLDER_PATH)/Swifty_Companion";
			};
			name = Debug;
		};
		8B8B570A2A7D43DC0051483A /* Release */ = {
			isa = XCBuildConfiguration;
			buildSettings = {
				ALWAYS_EMBED_SWIFT_STANDARD_LIBRARIES = YES;
				BUNDLE_LOADER = "$(TEST_HOST)";
				CODE_SIGN_STYLE = Automatic;
				CURRENT_PROJECT_VERSION = 1;
				DEVELOPMENT_TEAM = 86VT643277;
				GENERATE_INFOPLIST_FILE = YES;
				IPHONEOS_DEPLOYMENT_TARGET = 16.4;
				MARKETING_VERSION = 1.0;
				PRODUCT_BUNDLE_IDENTIFIER = "-2.Swifty-CompanionTests";
				PRODUCT_NAME = "$(TARGET_NAME)";
				SWIFT_EMIT_LOC_STRINGS = NO;
				SWIFT_VERSION = 5.0;
				TARGETED_DEVICE_FAMILY = "1,2";
				TEST_HOST = "$(BUILT_PRODUCTS_DIR)/Swifty_Companion.app/$(BUNDLE_EXECUTABLE_FOLDER_PATH)/Swifty_Companion";
			};
			name = Release;
		};
		8B8B570C2A7D43DC0051483A /* Debug */ = {
			isa = XCBuildConfiguration;
			buildSettings = {
				ALWAYS_EMBED_SWIFT_STANDARD_LIBRARIES = YES;
				CODE_SIGN_STYLE = Automatic;
				CURRENT_PROJECT_VERSION = 1;
				DEVELOPMENT_TEAM = 86VT643277;
				GENERATE_INFOPLIST_FILE = YES;
				MARKETING_VERSION = 1.0;
				PRODUCT_BUNDLE_IDENTIFIER = "-2.Swifty-CompanionUITests";
				PRODUCT_NAME = "$(TARGET_NAME)";
				SWIFT_EMIT_LOC_STRINGS = NO;
				SWIFT_VERSION = 5.0;
				TARGETED_DEVICE_FAMILY = "1,2";
				TEST_TARGET_NAME = Swifty_Companion;
			};
			name = Debug;
		};
		8B8B570D2A7D43DC0051483A /* Release */ = {
			isa = XCBuildConfiguration;
			buildSettings = {
				ALWAYS_EMBED_SWIFT_STANDARD_LIBRARIES = YES;
				CODE_SIGN_STYLE = Automatic;
				CURRENT_PROJECT_VERSION = 1;
				DEVELOPMENT_TEAM = 86VT643277;
				GENERATE_INFOPLIST_FILE = YES;
				MARKETING_VERSION = 1.0;
				PRODUCT_BUNDLE_IDENTIFIER = "-2.Swifty-CompanionUITests";
				PRODUCT_NAME = "$(TARGET_NAME)";
				SWIFT_EMIT_LOC_STRINGS = NO;
				SWIFT_VERSION = 5.0;
				TARGETED_DEVICE_FAMILY = "1,2";
				TEST_TARGET_NAME = Swifty_Companion;
			};
			name = Release;
		};
/* End XCBuildConfiguration section */

/* Begin XCConfigurationList section */
		8B8B56D62A7D43D70051483A /* Build configuration list for PBXProject "Swifty_Companion" */ = {
			isa = XCConfigurationList;
			buildConfigurations = (
				8B8B57032A7D43DC0051483A /* Debug */,
				8B8B57042A7D43DC0051483A /* Release */,
			);
			defaultConfigurationIsVisible = 0;
			defaultConfigurationName = Release;
		};
		8B8B57052A7D43DC0051483A /* Build configuration list for PBXNativeTarget "Swifty_Companion" */ = {
			isa = XCConfigurationList;
			buildConfigurations = (
				8B8B57062A7D43DC0051483A /* Debug */,
				8B8B57072A7D43DC0051483A /* Release */,
			);
			defaultConfigurationIsVisible = 0;
			defaultConfigurationName = Release;
		};
		8B8B57082A7D43DC0051483A /* Build configuration list for PBXNativeTarget "Swifty_CompanionTests" */ = {
			isa = XCConfigurationList;
			buildConfigurations = (
				8B8B57092A7D43DC0051483A /* Debug */,
				8B8B570A2A7D43DC0051483A /* Release */,
			);
			defaultConfigurationIsVisible = 0;
			defaultConfigurationName = Release;
		};
		8B8B570B2A7D43DC0051483A /* Build configuration list for PBXNativeTarget "Swifty_CompanionUITests" */ = {
			isa = XCConfigurationList;
			buildConfigurations = (
				8B8B570C2A7D43DC0051483A /* Debug */,
				8B8B570D2A7D43DC0051483A /* Release */,
			);
			defaultConfigurationIsVisible = 0;
			defaultConfigurationName = Release;
		};
/* End XCConfigurationList section */

/* Begin XCVersionGroup section */
		8B98AAF32A894C2B00DB0288 /* FavoriteData.xcdatamodeld */ = {
			isa = XCVersionGroup;
			children = (
				8B98AAF42A894C2B00DB0288 /* FavoriteData.xcdatamodel */,
			);
			currentVersion = 8B98AAF42A894C2B00DB0288 /* FavoriteData.xcdatamodel */;
			path = FavoriteData.xcdatamodeld;
			sourceTree = "<group>";
			versionGroupType = wrapper.xcdatamodel;
		};
/* End XCVersionGroup section */
	};
	rootObject = 8B8B56D32A7D43D70051483A /* Project object */;
}
